
Microsoft Visual Studio Solution File, Format Version 12.00
# Visual Studio Version 17
VisualStudioVersion = 17.10.35122.118
MinimumVisualStudioVersion = 10.0.40219.1
Project("{FAE04EC0-301F-11D3-BF4B-00C04F79EFBC}") = "DIDeepDive", "DIDeepDive\DIDeepDive.csproj", "{63A0B791-0B3E-4410-9C5F-EE38231520A4}"
EndProject
Global
	GlobalSection(SolutionConfigurationPlatforms) = preSolution
		Debug|Any CPU = Debug|Any CPU
		Release|Any CPU = Release|Any CPU
	EndGlobalSection
	GlobalSection(ProjectConfigurationPlatforms) = postSolution
		{63A0B791-0B3E-4410-9C5F-EE38231520A4}.Debug|Any CPU.ActiveCfg = Debug|Any CPU
		{63A0B791-0B3E-4410-9C5F-EE38231520A4}.Debug|Any CPU.Build.0 = Debug|Any CPU
		{63A0B791-0B3E-4410-9C5F-EE38231520A4}.Release|Any CPU.ActiveCfg = Release|Any CPU
		{63A0B791-0B3E-4410-9C5F-EE38231520A4}.Release|Any CPU.Build.0 = Release|Any CPU
	EndGlobalSection
	GlobalSection(SolutionProperties) = preSolution
		HideSolutionNode = FALSE
	EndGlobalSection
	GlobalSection(ExtensibilityGlobals) = postSolution
		SolutionGuid = {3F440456-02B7-4A71-994F-26F9A547FEE6}
	EndGlobalSection
EndGlobal
